
Microsoft Visual Studio Solution File, Format Version 12.00
Project("{FAE04EC0-301F-11D3-BF4B-00C04F79EFBC}") = "HazarApi", "HazarApi\HazarApi.csproj", "{98D5D095-5495-4BF3-9FFF-4C6D1C2B3A1F}"
EndProject
Global
	GlobalSection(SolutionConfigurationPlatforms) = preSolution
		Debug|Any CPU = Debug|Any CPU
		Release|Any CPU = Release|Any CPU
	EndGlobalSection
	GlobalSection(ProjectConfigurationPlatforms) = postSolution
		{98D5D095-5495-4BF3-9FFF-4C6D1C2B3A1F}.Debug|Any CPU.ActiveCfg = Debug|Any CPU
		{98D5D095-5495-4BF3-9FFF-4C6D1C2B3A1F}.Debug|Any CPU.Build.0 = Debug|Any CPU
		{98D5D095-5495-4BF3-9FFF-4C6D1C2B3A1F}.Release|Any CPU.ActiveCfg = Release|Any CPU
		{98D5D095-5495-4BF3-9FFF-4C6D1C2B3A1F}.Release|Any CPU.Build.0 = Release|Any CPU
	EndGlobalSection
EndGlobal
